
Microsoft Visual Studio Solution File, Format Version 12.00
# Visual Studio 2012
Project("{FAE04EC0-301F-11D3-BF4B-00C04F79EFBC}") = "MvcApplication1", "MvcApplication1\MvcApplication1.csproj", "{40BC1CA7-959F-4080-A510-DCEB5C9CC4DE}"
EndProject
Global
	GlobalSection(SolutionConfigurationPlatforms) = preSolution
		Debug|Any CPU = Debug|Any CPU
		Release|Any CPU = Release|Any CPU
	EndGlobalSection
	GlobalSection(ProjectConfigurationPlatforms) = postSolution
		{40BC1CA7-959F-4080-A510-DCEB5C9CC4DE}.Debug|Any CPU.ActiveCfg = Debug|Any CPU
		{40BC1CA7-959F-4080-A510-DCEB5C9CC4DE}.Debug|Any CPU.Build.0 = Debug|Any CPU
		{40BC1CA7-959F-4080-A510-DCEB5C9CC4DE}.Release|Any CPU.ActiveCfg = Release|Any CPU
		{40BC1CA7-959F-4080-A510-DCEB5C9CC4DE}.Release|Any CPU.Build.0 = Release|Any CPU
	EndGlobalSection
	GlobalSection(SolutionProperties) = preSolution
		HideSolutionNode = FALSE
	EndGlobalSection
EndGlobal
